{
  "nodes": {
    "home-manager": {
      "inputs": {
        "nixpkgs": [
          "nixpkgs"
        ]
      },
      "locked": {
        "lastModified": 1751500614,
        "narHash": "sha256-mYiYNsTJkbQouC5YHOTgqVpjpELoNf9f4z5ZeY4NfPg=",
        "owner": "nix-community",
        "repo": "home-manager",
        "rev": "a5b56720841121d2189c011e445c4be4c943bab5",
        "type": "github"
      },
      "original": {
        "owner": "nix-community",
        "repo": "home-manager",
        "type": "github"
      }
    },
    "nixpkgs": {
      "locked": {
        "lastModified": 1751211869,
        "narHash": "sha256-1Cu92i1KSPbhPCKxoiVG5qnoRiKTgR5CcGSRyLpOd7Y=",
        "owner": "NixOS",
        "repo": "nixpkgs",
        "rev": "b43c397f6c213918d6cfe6e3550abfe79b5d1c51",
        "type": "github"
      },
      "original": {
        "owner": "NixOS",
        "ref": "nixos-25.05",
        "repo": "nixpkgs",
        "type": "github"
      }
    },
    "root": {
      "inputs": {
        "home-manager": "home-manager",
        "nixpkgs": "nixpkgs"
      }
    }
  },
  "root": "root",
  "version": 7
}
